
Microsoft Visual Studio Solution File, Format Version 12.00
# Visual Studio 2013
VisualStudioVersion = 12.0.31101.0
MinimumVisualStudioVersion = 10.0.40219.1
Project("{FAE04EC0-301F-11D3-BF4B-00C04F79EFBC}") = "PipelineBuilder", "PipelineBuilder\PipelineBuilder.csproj", "{982A41B2-0C5A-453A-9809-B86E41770D1C}"
EndProject
Project("{FAE04EC0-301F-11D3-BF4B-00C04F79EFBC}") = "PipelineBuilderProgram", "PipelineBuilderProgram\PipelineBuilderProgram.csproj", "{1A59C8DB-420A-4836-8928-8B24A841F827}"
EndProject
Project("{FAE04EC0-301F-11D3-BF4B-00C04F79EFBC}") = "PipelineHints", "PipelineHints\PipelineHints.csproj", "{52E231F2-D75D-4625-8454-EF0776E7FC00}"
EndProject
Project("{FAE04EC0-301F-11D3-BF4B-00C04F79EFBC}") = "VsPipelineBuilderPkg", "VsPipelineBuilderPkg\VsPipelineBuilderPkg.csproj", "{079EF51F-7FB7-48B8-A496-1BE7404005F5}"
EndProject
Global
	GlobalSection(SolutionConfigurationPlatforms) = preSolution
		Debug|Any CPU = Debug|Any CPU
		Release|Any CPU = Release|Any CPU
	EndGlobalSection
	GlobalSection(ProjectConfigurationPlatforms) = postSolution
		{982A41B2-0C5A-453A-9809-B86E41770D1C}.Debug|Any CPU.ActiveCfg = Debug|Any CPU
		{982A41B2-0C5A-453A-9809-B86E41770D1C}.Debug|Any CPU.Build.0 = Debug|Any CPU
		{982A41B2-0C5A-453A-9809-B86E41770D1C}.Release|Any CPU.ActiveCfg = Release|Any CPU
		{982A41B2-0C5A-453A-9809-B86E41770D1C}.Release|Any CPU.Build.0 = Release|Any CPU
		{1A59C8DB-420A-4836-8928-8B24A841F827}.Debug|Any CPU.ActiveCfg = Debug|Any CPU
		{1A59C8DB-420A-4836-8928-8B24A841F827}.Debug|Any CPU.Build.0 = Debug|Any CPU
		{1A59C8DB-420A-4836-8928-8B24A841F827}.Release|Any CPU.ActiveCfg = Release|Any CPU
		{1A59C8DB-420A-4836-8928-8B24A841F827}.Release|Any CPU.Build.0 = Release|Any CPU
		{52E231F2-D75D-4625-8454-EF0776E7FC00}.Debug|Any CPU.ActiveCfg = Debug|Any CPU
		{52E231F2-D75D-4625-8454-EF0776E7FC00}.Debug|Any CPU.Build.0 = Debug|Any CPU
		{52E231F2-D75D-4625-8454-EF0776E7FC00}.Release|Any CPU.ActiveCfg = Release|Any CPU
		{52E231F2-D75D-4625-8454-EF0776E7FC00}.Release|Any CPU.Build.0 = Release|Any CPU
		{079EF51F-7FB7-48B8-A496-1BE7404005F5}.Debug|Any CPU.ActiveCfg = Debug|Any CPU
		{079EF51F-7FB7-48B8-A496-1BE7404005F5}.Debug|Any CPU.Build.0 = Debug|Any CPU
		{079EF51F-7FB7-48B8-A496-1BE7404005F5}.Release|Any CPU.ActiveCfg = Release|Any CPU
		{079EF51F-7FB7-48B8-A496-1BE7404005F5}.Release|Any CPU.Build.0 = Release|Any CPU
	EndGlobalSection
	GlobalSection(SolutionProperties) = preSolution
		HideSolutionNode = FALSE
	EndGlobalSection
EndGlobal
